// !$*UTF8*$!
{
	archiveVersion = 1;
	classes = {
	};
	objectVersion = 56;
	objects = {

/* Begin PBXBuildFile section */
		27050C262AA243930067096B /* AnimalDetailView.swift in Sources */ = {isa = PBXBuildFile; fileRef = 27050C252AA243930067096B /* AnimalDetailView.swift */; };
		27050C282AA248940067096B /* HeadingView.swift in Sources */ = {isa = PBXBuildFile; fileRef = 27050C272AA248940067096B /* HeadingView.swift */; };
		27090CD32A9E3103006AC06C /* zebra.mp4 in Resources */ = {isa = PBXBuildFile; fileRef = 27090CC92A9E3101006AC06C /* zebra.mp4 */; };
		27090CD42A9E3103006AC06C /* elephant.mp4 in Resources */ = {isa = PBXBuildFile; fileRef = 27090CCA2A9E3102006AC06C /* elephant.mp4 */; };
		27090CD52A9E3103006AC06C /* gorilla.mp4 in Resources */ = {isa = PBXBuildFile; fileRef = 27090CCB2A9E3102006AC06C /* gorilla.mp4 */; };
		27090CD62A9E3103006AC06C /* lioness.mp4 in Resources */ = {isa = PBXBuildFile; fileRef = 27090CCC2A9E3102006AC06C /* lioness.mp4 */; };
		27090CD72A9E3103006AC06C /* rhino.mp4 in Resources */ = {isa = PBXBuildFile; fileRef = 27090CCD2A9E3102006AC06C /* rhino.mp4 */; };
		27090CD82A9E3103006AC06C /* lion.mp4 in Resources */ = {isa = PBXBuildFile; fileRef = 27090CCE2A9E3102006AC06C /* lion.mp4 */; };
		27090CD92A9E3103006AC06C /* hippo.mp4 in Resources */ = {isa = PBXBuildFile; fileRef = 27090CCF2A9E3103006AC06C /* hippo.mp4 */; };
		27090CDA2A9E3103006AC06C /* cheetah.mp4 in Resources */ = {isa = PBXBuildFile; fileRef = 27090CD02A9E3103006AC06C /* cheetah.mp4 */; };
		27090CDB2A9E3103006AC06C /* ostrich.mp4 in Resources */ = {isa = PBXBuildFile; fileRef = 27090CD12A9E3103006AC06C /* ostrich.mp4 */; };
		27090CDC2A9E3103006AC06C /* giraffe.mp4 in Resources */ = {isa = PBXBuildFile; fileRef = 27090CD22A9E3103006AC06C /* giraffe.mp4 */; };
		27090CE22A9E315A006AC06C /* covers.json in Resources */ = {isa = PBXBuildFile; fileRef = 27090CDE2A9E315A006AC06C /* covers.json */; };
		27090CE32A9E315A006AC06C /* locations.json in Resources */ = {isa = PBXBuildFile; fileRef = 27090CDF2A9E315A006AC06C /* locations.json */; };
		27090CE42A9E315A006AC06C /* videos.json in Resources */ = {isa = PBXBuildFile; fileRef = 27090CE02A9E315A006AC06C /* videos.json */; };
		27090CE52A9E315A006AC06C /* animals.json in Resources */ = {isa = PBXBuildFile; fileRef = 27090CE12A9E315A006AC06C /* animals.json */; };
		27090CE92A9E3638006AC06C /* VideoListView.swift in Sources */ = {isa = PBXBuildFile; fileRef = 27090CE82A9E3638006AC06C /* VideoListView.swift */; };
		27090CEB2A9E3655006AC06C /* MapView.swift in Sources */ = {isa = PBXBuildFile; fileRef = 27090CEA2A9E3655006AC06C /* MapView.swift */; };
		27090CED2A9E3665006AC06C /* GalleryView.swift in Sources */ = {isa = PBXBuildFile; fileRef = 27090CEC2A9E3665006AC06C /* GalleryView.swift */; };
		27090CEF2A9E3674006AC06C /* MainView.swift in Sources */ = {isa = PBXBuildFile; fileRef = 27090CEE2A9E3674006AC06C /* MainView.swift */; };
		27090CF22A9E3AC0006AC06C /* CoverImageView.swift in Sources */ = {isa = PBXBuildFile; fileRef = 27090CF12A9E3AC0006AC06C /* CoverImageView.swift */; };
		2711D0FD2AAA5873004E0C2A /* VideoPlayerView.swift in Sources */ = {isa = PBXBuildFile; fileRef = 2711D0FC2AAA5873004E0C2A /* VideoPlayerView.swift */; };
		2711D1002AAA5F10004E0C2A /* VideoPlayerHelper.swift in Sources */ = {isa = PBXBuildFile; fileRef = 2711D0FF2AAA5F10004E0C2A /* VideoPlayerHelper.swift */; };
		2711D1022AAA698C004E0C2A /* LocationModel.swift in Sources */ = {isa = PBXBuildFile; fileRef = 2711D1012AAA698C004E0C2A /* LocationModel.swift */; };
		275260912AAE114A002BE2E2 /* MapAnnotationView.swift in Sources */ = {isa = PBXBuildFile; fileRef = 275260902AAE114A002BE2E2 /* MapAnnotationView.swift */; };
		275260932AAE58D2002BE2E2 /* MothionAnimationView.swift in Sources */ = {isa = PBXBuildFile; fileRef = 275260922AAE58D2002BE2E2 /* MothionAnimationView.swift */; };
		27560C6B2B17A5EA00DC1C37 /* AnimalGridItemView.swift in Sources */ = {isa = PBXBuildFile; fileRef = 27560C6A2B17A5EA00DC1C37 /* AnimalGridItemView.swift */; };
		279CC63F2A9CC5090040FA43 /* AfricaApp.swift in Sources */ = {isa = PBXBuildFile; fileRef = 279CC63E2A9CC5090040FA43 /* AfricaApp.swift */; };
		279CC6412A9CC5090040FA43 /* ContentView.swift in Sources */ = {isa = PBXBuildFile; fileRef = 279CC6402A9CC5090040FA43 /* ContentView.swift */; };
		279CC6432A9CC50A0040FA43 /* Assets.xcassets in Resources */ = {isa = PBXBuildFile; fileRef = 279CC6422A9CC50A0040FA43 /* Assets.xcassets */; };
		279CC6462A9CC50A0040FA43 /* Preview Assets.xcassets in Resources */ = {isa = PBXBuildFile; fileRef = 279CC6452A9CC50A0040FA43 /* Preview Assets.xcassets */; };
		27BDBF932A9F3DB8009D3A27 /* CoverImageModel.swift in Sources */ = {isa = PBXBuildFile; fileRef = 27BDBF922A9F3DB8009D3A27 /* CoverImageModel.swift */; };
		27BDBF962A9F6C1A009D3A27 /* CodableBundleExtension.swift in Sources */ = {isa = PBXBuildFile; fileRef = 27BDBF952A9F6C1A009D3A27 /* CodableBundleExtension.swift */; };
		27BDBF982A9FE0FB009D3A27 /* AnimalListItemView.swift in Sources */ = {isa = PBXBuildFile; fileRef = 27BDBF972A9FE0FB009D3A27 /* AnimalListItemView.swift */; };
		27BDBF9A2A9FE474009D3A27 /* AnimalModel.swift in Sources */ = {isa = PBXBuildFile; fileRef = 27BDBF992A9FE474009D3A27 /* AnimalModel.swift */; };
		27CF13762AA5E78B00C78687 /* InsetGalleryView.swift in Sources */ = {isa = PBXBuildFile; fileRef = 27CF13752AA5E78B00C78687 /* InsetGalleryView.swift */; };
		27CF13782AA604EB00C78687 /* InsetFactView.swift in Sources */ = {isa = PBXBuildFile; fileRef = 27CF13772AA604EB00C78687 /* InsetFactView.swift */; };
		27CF137A2AA608E200C78687 /* InsetMapView.swift in Sources */ = {isa = PBXBuildFile; fileRef = 27CF13792AA608E200C78687 /* InsetMapView.swift */; };
		27CF137C2AA6362D00C78687 /* ExternalWebView.swift in Sources */ = {isa = PBXBuildFile; fileRef = 27CF137B2AA6362D00C78687 /* ExternalWebView.swift */; };
		27CF137E2AA63E7F00C78687 /* Video.swift in Sources */ = {isa = PBXBuildFile; fileRef = 27CF137D2AA63E7F00C78687 /* Video.swift */; };
		27CF13822AA644B500C78687 /* VideoListItemView.swift in Sources */ = {isa = PBXBuildFile; fileRef = 27CF13812AA644B500C78687 /* VideoListItemView.swift */; };
/* End PBXBuildFile section */

/* Begin PBXFileReference section */
		27050C252AA243930067096B /* AnimalDetailView.swift */ = {isa = PBXFileReference; lastKnownFileType = sourcecode.swift; path = AnimalDetailView.swift; sourceTree = "<group>"; };
		27050C272AA248940067096B /* HeadingView.swift */ = {isa = PBXFileReference; lastKnownFileType = sourcecode.swift; path = HeadingView.swift; sourceTree = "<group>"; };
		27090CC92A9E3101006AC06C /* zebra.mp4 */ = {isa = PBXFileReference; lastKnownFileType = file; path = zebra.mp4; sourceTree = "<group>"; };
		27090CCA2A9E3102006AC06C /* elephant.mp4 */ = {isa = PBXFileReference; lastKnownFileType = file; path = elephant.mp4; sourceTree = "<group>"; };
		27090CCB2A9E3102006AC06C /* gorilla.mp4 */ = {isa = PBXFileReference; lastKnownFileType = file; path = gorilla.mp4; sourceTree = "<group>"; };
		27090CCC2A9E3102006AC06C /* lioness.mp4 */ = {isa = PBXFileReference; lastKnownFileType = file; path = lioness.mp4; sourceTree = "<group>"; };
		27090CCD2A9E3102006AC06C /* rhino.mp4 */ = {isa = PBXFileReference; lastKnownFileType = file; path = rhino.mp4; sourceTree = "<group>"; };
		27090CCE2A9E3102006AC06C /* lion.mp4 */ = {isa = PBXFileReference; lastKnownFileType = file; path = lion.mp4; sourceTree = "<group>"; };
		27090CCF2A9E3103006AC06C /* hippo.mp4 */ = {isa = PBXFileReference; lastKnownFileType = file; path = hippo.mp4; sourceTree = "<group>"; };
		27090CD02A9E3103006AC06C /* cheetah.mp4 */ = {isa = PBXFileReference; lastKnownFileType = file; path = cheetah.mp4; sourceTree = "<group>"; };
		27090CD12A9E3103006AC06C /* ostrich.mp4 */ = {isa = PBXFileReference; lastKnownFileType = file; path = ostrich.mp4; sourceTree = "<group>"; };
		27090CD22A9E3103006AC06C /* giraffe.mp4 */ = {isa = PBXFileReference; lastKnownFileType = file; path = giraffe.mp4; sourceTree = "<group>"; };
		27090CDE2A9E315A006AC06C /* covers.json */ = {isa = PBXFileReference; fileEncoding = 4; lastKnownFileType = text.json; path = covers.json; sourceTree = "<group>"; };
		27090CDF2A9E315A006AC06C /* locations.json */ = {isa = PBXFileReference; fileEncoding = 4; lastKnownFileType = text.json; path = locations.json; sourceTree = "<group>"; };
		27090CE02A9E315A006AC06C /* videos.json */ = {isa = PBXFileReference; fileEncoding = 4; lastKnownFileType = text.json; path = videos.json; sourceTree = "<group>"; };
		27090CE12A9E315A006AC06C /* animals.json */ = {isa = PBXFileReference; fileEncoding = 4; lastKnownFileType = text.json; path = animals.json; sourceTree = "<group>"; };
		27090CE62A9E32A7006AC06C /* Info.plist */ = {isa = PBXFileReference; lastKnownFileType = text.plist; path = Info.plist; sourceTree = "<group>"; };
		27090CE82A9E3638006AC06C /* VideoListView.swift */ = {isa = PBXFileReference; lastKnownFileType = sourcecode.swift; path = VideoListView.swift; sourceTree = "<group>"; };
		27090CEA2A9E3655006AC06C /* MapView.swift */ = {isa = PBXFileReference; lastKnownFileType = sourcecode.swift; path = MapView.swift; sourceTree = "<group>"; };
		27090CEC2A9E3665006AC06C /* GalleryView.swift */ = {isa = PBXFileReference; lastKnownFileType = sourcecode.swift; path = GalleryView.swift; sourceTree = "<group>"; };
		27090CEE2A9E3674006AC06C /* MainView.swift */ = {isa = PBXFileReference; lastKnownFileType = sourcecode.swift; path = MainView.swift; sourceTree = "<group>"; };
		27090CF12A9E3AC0006AC06C /* CoverImageView.swift */ = {isa = PBXFileReference; lastKnownFileType = sourcecode.swift; path = CoverImageView.swift; sourceTree = "<group>"; };
		2711D0FC2AAA5873004E0C2A /* VideoPlayerView.swift */ = {isa = PBXFileReference; lastKnownFileType = sourcecode.swift; path = VideoPlayerView.swift; sourceTree = "<group>"; };
		2711D0FF2AAA5F10004E0C2A /* VideoPlayerHelper.swift */ = {isa = PBXFileReference; lastKnownFileType = sourcecode.swift; path = VideoPlayerHelper.swift; sourceTree = "<group>"; };
		2711D1012AAA698C004E0C2A /* LocationModel.swift */ = {isa = PBXFileReference; lastKnownFileType = sourcecode.swift; path = LocationModel.swift; sourceTree = "<group>"; };
		275260902AAE114A002BE2E2 /* MapAnnotationView.swift */ = {isa = PBXFileReference; lastKnownFileType = sourcecode.swift; path = MapAnnotationView.swift; sourceTree = "<group>"; };
		275260922AAE58D2002BE2E2 /* MothionAnimationView.swift */ = {isa = PBXFileReference; lastKnownFileType = sourcecode.swift; path = MothionAnimationView.swift; sourceTree = "<group>"; };
		27560C6A2B17A5EA00DC1C37 /* AnimalGridItemView.swift */ = {isa = PBXFileReference; lastKnownFileType = sourcecode.swift; path = AnimalGridItemView.swift; sourceTree = "<group>"; };
		279CC63B2A9CC5090040FA43 /* Africa.app */ = {isa = PBXFileReference; explicitFileType = wrapper.application; includeInIndex = 0; path = Africa.app; sourceTree = BUILT_PRODUCTS_DIR; };
		279CC63E2A9CC5090040FA43 /* AfricaApp.swift */ = {isa = PBXFileReference; lastKnownFileType = sourcecode.swift; path = AfricaApp.swift; sourceTree = "<group>"; };
		279CC6402A9CC5090040FA43 /* ContentView.swift */ = {isa = PBXFileReference; lastKnownFileType = sourcecode.swift; path = ContentView.swift; sourceTree = "<group>"; };
		279CC6422A9CC50A0040FA43 /* Assets.xcassets */ = {isa = PBXFileReference; lastKnownFileType = folder.assetcatalog; path = Assets.xcassets; sourceTree = "<group>"; };
		279CC6452A9CC50A0040FA43 /* Preview Assets.xcassets */ = {isa = PBXFileReference; lastKnownFileType = folder.assetcatalog; path = "Preview Assets.xcassets"; sourceTree = "<group>"; };
		27BDBF922A9F3DB8009D3A27 /* CoverImageModel.swift */ = {isa = PBXFileReference; lastKnownFileType = sourcecode.swift; path = CoverImageModel.swift; sourceTree = "<group>"; };
		27BDBF952A9F6C1A009D3A27 /* CodableBundleExtension.swift */ = {isa = PBXFileReference; lastKnownFileType = sourcecode.swift; path = CodableBundleExtension.swift; sourceTree = "<group>"; };
		27BDBF972A9FE0FB009D3A27 /* AnimalListItemView.swift */ = {isa = PBXFileReference; lastKnownFileType = sourcecode.swift; path = AnimalListItemView.swift; sourceTree = "<group>"; };
		27BDBF992A9FE474009D3A27 /* AnimalModel.swift */ = {isa = PBXFileReference; lastKnownFileType = sourcecode.swift; path = AnimalModel.swift; sourceTree = "<group>"; };
		27CF13752AA5E78B00C78687 /* InsetGalleryView.swift */ = {isa = PBXFileReference; lastKnownFileType = sourcecode.swift; path = InsetGalleryView.swift; sourceTree = "<group>"; };
		27CF13772AA604EB00C78687 /* InsetFactView.swift */ = {isa = PBXFileReference; lastKnownFileType = sourcecode.swift; path = InsetFactView.swift; sourceTree = "<group>"; };
		27CF13792AA608E200C78687 /* InsetMapView.swift */ = {isa = PBXFileReference; lastKnownFileType = sourcecode.swift; path = InsetMapView.swift; sourceTree = "<group>"; };
		27CF137B2AA6362D00C78687 /* ExternalWebView.swift */ = {isa = PBXFileReference; lastKnownFileType = sourcecode.swift; path = ExternalWebView.swift; sourceTree = "<group>"; };
		27CF137D2AA63E7F00C78687 /* Video.swift */ = {isa = PBXFileReference; lastKnownFileType = sourcecode.swift; path = Video.swift; sourceTree = "<group>"; };
		27CF13812AA644B500C78687 /* VideoListItemView.swift */ = {isa = PBXFileReference; lastKnownFileType = sourcecode.swift; path = VideoListItemView.swift; sourceTree = "<group>"; };
/* End PBXFileReference section */

/* Begin PBXFrameworksBuildPhase section */
		279CC6382A9CC5090040FA43 /* Frameworks */ = {
			isa = PBXFrameworksBuildPhase;
			buildActionMask = 2147483647;
			files = (
			);
			runOnlyForDeploymentPostprocessing = 0;
		};
/* End PBXFrameworksBuildPhase section */

/* Begin PBXGroup section */
		27090CB42A9E30AE006AC06C /* Video */ = {
			isa = PBXGroup;
			children = (
				27090CD02A9E3103006AC06C /* cheetah.mp4 */,
				27090CCA2A9E3102006AC06C /* elephant.mp4 */,
				27090CD22A9E3103006AC06C /* giraffe.mp4 */,
				27090CCB2A9E3102006AC06C /* gorilla.mp4 */,
				27090CCF2A9E3103006AC06C /* hippo.mp4 */,
				27090CCE2A9E3102006AC06C /* lion.mp4 */,
				27090CCC2A9E3102006AC06C /* lioness.mp4 */,
				27090CD12A9E3103006AC06C /* ostrich.mp4 */,
				27090CCD2A9E3102006AC06C /* rhino.mp4 */,
				27090CC92A9E3101006AC06C /* zebra.mp4 */,
			);
			path = Video;
			sourceTree = "<group>";
		};
		27090CDD2A9E313C006AC06C /* Data */ = {
			isa = PBXGroup;
			children = (
				27090CE12A9E315A006AC06C /* animals.json */,
				27090CDE2A9E315A006AC06C /* covers.json */,
				27090CDF2A9E315A006AC06C /* locations.json */,
				27090CE02A9E315A006AC06C /* videos.json */,
			);
			path = Data;
			sourceTree = "<group>";
		};
		27090CE72A9E3492006AC06C /* App */ = {
			isa = PBXGroup;
			children = (
				279CC63E2A9CC5090040FA43 /* AfricaApp.swift */,
				27090CEE2A9E3674006AC06C /* MainView.swift */,
				279CC6402A9CC5090040FA43 /* ContentView.swift */,
				27090CE82A9E3638006AC06C /* VideoListView.swift */,
				27090CEA2A9E3655006AC06C /* MapView.swift */,
				27090CEC2A9E3665006AC06C /* GalleryView.swift */,
			);
			path = App;
			sourceTree = "<group>";
		};
		27090CF02A9E3AAE006AC06C /* ReusableView */ = {
			isa = PBXGroup;
			children = (
				27090CF12A9E3AC0006AC06C /* CoverImageView.swift */,
				27BDBF972A9FE0FB009D3A27 /* AnimalListItemView.swift */,
				27050C252AA243930067096B /* AnimalDetailView.swift */,
				27050C272AA248940067096B /* HeadingView.swift */,
				27CF13752AA5E78B00C78687 /* InsetGalleryView.swift */,
				27CF13772AA604EB00C78687 /* InsetFactView.swift */,
				27CF13792AA608E200C78687 /* InsetMapView.swift */,
				27CF137B2AA6362D00C78687 /* ExternalWebView.swift */,
				27CF13812AA644B500C78687 /* VideoListItemView.swift */,
				2711D0FC2AAA5873004E0C2A /* VideoPlayerView.swift */,
				275260902AAE114A002BE2E2 /* MapAnnotationView.swift */,
				275260922AAE58D2002BE2E2 /* MothionAnimationView.swift */,
				27560C6A2B17A5EA00DC1C37 /* AnimalGridItemView.swift */,
			);
			path = ReusableView;
			sourceTree = "<group>";
		};
		2711D0FE2AAA5EFF004E0C2A /* Utility */ = {
			isa = PBXGroup;
			children = (
				2711D0FF2AAA5F10004E0C2A /* VideoPlayerHelper.swift */,
			);
			path = Utility;
			sourceTree = "<group>";
		};
		279CC6322A9CC5090040FA43 = {
			isa = PBXGroup;
			children = (
				279CC63D2A9CC5090040FA43 /* Africa */,
				279CC63C2A9CC5090040FA43 /* Products */,
			);
			sourceTree = "<group>";
		};
		279CC63C2A9CC5090040FA43 /* Products */ = {
			isa = PBXGroup;
			children = (
				279CC63B2A9CC5090040FA43 /* Africa.app */,
			);
			name = Products;
			sourceTree = "<group>";
		};
		279CC63D2A9CC5090040FA43 /* Africa */ = {
			isa = PBXGroup;
			children = (
				2711D0FE2AAA5EFF004E0C2A /* Utility */,
				27BDBF942A9F6C00009D3A27 /* Extension */,
				27BDBF912A9F3DA2009D3A27 /* Model */,
				27090CDD2A9E313C006AC06C /* Data */,
				27090CB42A9E30AE006AC06C /* Video */,
				27090CE72A9E3492006AC06C /* App */,
				27090CF02A9E3AAE006AC06C /* ReusableView */,
				279CC6422A9CC50A0040FA43 /* Assets.xcassets */,
				27090CE62A9E32A7006AC06C /* Info.plist */,
				279CC6442A9CC50A0040FA43 /* Preview Content */,
			);
			path = Africa;
			sourceTree = "<group>";
		};
		279CC6442A9CC50A0040FA43 /* Preview Content */ = {
			isa = PBXGroup;
			children = (
				279CC6452A9CC50A0040FA43 /* Preview Assets.xcassets */,
			);
			path = "Preview Content";
			sourceTree = "<group>";
		};
		27BDBF912A9F3DA2009D3A27 /* Model */ = {
			isa = PBXGroup;
			children = (
				27BDBF922A9F3DB8009D3A27 /* CoverImageModel.swift */,
				27BDBF992A9FE474009D3A27 /* AnimalModel.swift */,
				27CF137D2AA63E7F00C78687 /* Video.swift */,
				2711D1012AAA698C004E0C2A /* LocationModel.swift */,
			);
			path = Model;
			sourceTree = "<group>";
		};
		27BDBF942A9F6C00009D3A27 /* Extension */ = {
			isa = PBXGroup;
			children = (
				27BDBF952A9F6C1A009D3A27 /* CodableBundleExtension.swift */,
			);
			path = Extension;
			sourceTree = "<group>";
		};
/* End PBXGroup section */

/* Begin PBXNativeTarget section */
		279CC63A2A9CC5090040FA43 /* Africa */ = {
			isa = PBXNativeTarget;
			buildConfigurationList = 279CC6492A9CC50A0040FA43 /* Build configuration list for PBXNativeTarget "Africa" */;
			buildPhases = (
				279CC6372A9CC5090040FA43 /* Sources */,
				279CC6382A9CC5090040FA43 /* Frameworks */,
				279CC6392A9CC5090040FA43 /* Resources */,
			);
			buildRules = (
			);
			dependencies = (
			);
			name = Africa;
			productName = Africa;
			productReference = 279CC63B2A9CC5090040FA43 /* Africa.app */;
			productType = "com.apple.product-type.application";
		};
/* End PBXNativeTarget section */

/* Begin PBXProject section */
		279CC6332A9CC5090040FA43 /* Project object */ = {
			isa = PBXProject;
			attributes = {
				BuildIndependentTargetsInParallel = 1;
				LastSwiftUpdateCheck = 1430;
				LastUpgradeCheck = 1430;
				TargetAttributes = {
					279CC63A2A9CC5090040FA43 = {
						CreatedOnToolsVersion = 14.3.1;
					};
				};
			};
			buildConfigurationList = 279CC6362A9CC5090040FA43 /* Build configuration list for PBXProject "Africa" */;
			compatibilityVersion = "Xcode 14.0";
			developmentRegion = en;
			hasScannedForEncodings = 0;
			knownRegions = (
				en,
				Base,
			);
			mainGroup = 279CC6322A9CC5090040FA43;
			productRefGroup = 279CC63C2A9CC5090040FA43 /* Products */;
			projectDirPath = "";
			projectRoot = "";
			targets = (
				279CC63A2A9CC5090040FA43 /* Africa */,
			);
		};
/* End PBXProject section */

/* Begin PBXResourcesBuildPhase section */
		279CC6392A9CC5090040FA43 /* Resources */ = {
			isa = PBXResourcesBuildPhase;
			buildActionMask = 2147483647;
			files = (
				27090CE32A9E315A006AC06C /* locations.json in Resources */,
				27090CE22A9E315A006AC06C /* covers.json in Resources */,
				27090CE42A9E315A006AC06C /* videos.json in Resources */,
				27090CD42A9E3103006AC06C /* elephant.mp4 in Resources */,
				27090CD92A9E3103006AC06C /* hippo.mp4 in Resources */,
				27090CDC2A9E3103006AC06C /* giraffe.mp4 in Resources */,
				27090CD82A9E3103006AC06C /* lion.mp4 in Resources */,
				279CC6462A9CC50A0040FA43 /* Preview Assets.xcassets in Resources */,
				27090CD52A9E3103006AC06C /* gorilla.mp4 in Resources */,
				27090CE52A9E315A006AC06C /* animals.json in Resources */,
				27090CD32A9E3103006AC06C /* zebra.mp4 in Resources */,
				27090CDA2A9E3103006AC06C /* cheetah.mp4 in Resources */,
				27090CD72A9E3103006AC06C /* rhino.mp4 in Resources */,
				279CC6432A9CC50A0040FA43 /* Assets.xcassets in Resources */,
				27090CD62A9E3103006AC06C /* lioness.mp4 in Resources */,
				27090CDB2A9E3103006AC06C /* ostrich.mp4 in Resources */,
			);
			runOnlyForDeploymentPostprocessing = 0;
		};
/* End PBXResourcesBuildPhase section */

/* Begin PBXSourcesBuildPhase section */
		279CC6372A9CC5090040FA43 /* Sources */ = {
			isa = PBXSourcesBuildPhase;
			buildActionMask = 2147483647;
			files = (
				279CC6412A9CC5090040FA43 /* ContentView.swift in Sources */,
				27BDBF982A9FE0FB009D3A27 /* AnimalListItemView.swift in Sources */,
				27090CEF2A9E3674006AC06C /* MainView.swift in Sources */,
				27CF13782AA604EB00C78687 /* InsetFactView.swift in Sources */,
				27090CF22A9E3AC0006AC06C /* CoverImageView.swift in Sources */,
				27BDBF932A9F3DB8009D3A27 /* CoverImageModel.swift in Sources */,
				27050C262AA243930067096B /* AnimalDetailView.swift in Sources */,
				27BDBF9A2A9FE474009D3A27 /* AnimalModel.swift in Sources */,
				27090CEB2A9E3655006AC06C /* MapView.swift in Sources */,
				27CF137A2AA608E200C78687 /* InsetMapView.swift in Sources */,
				2711D1002AAA5F10004E0C2A /* VideoPlayerHelper.swift in Sources */,
				279CC63F2A9CC5090040FA43 /* AfricaApp.swift in Sources */,
				27090CE92A9E3638006AC06C /* VideoListView.swift in Sources */,
				275260912AAE114A002BE2E2 /* MapAnnotationView.swift in Sources */,
				27090CED2A9E3665006AC06C /* GalleryView.swift in Sources */,
				27CF137E2AA63E7F00C78687 /* Video.swift in Sources */,
				27CF13762AA5E78B00C78687 /* InsetGalleryView.swift in Sources */,
				2711D1022AAA698C004E0C2A /* LocationModel.swift in Sources */,
				27560C6B2B17A5EA00DC1C37 /* AnimalGridItemView.swift in Sources */,
				27BDBF962A9F6C1A009D3A27 /* CodableBundleExtension.swift in Sources */,
				27CF13822AA644B500C78687 /* VideoListItemView.swift in Sources */,
				27CF137C2AA6362D00C78687 /* ExternalWebView.swift in Sources */,
				27050C282AA248940067096B /* HeadingView.swift in Sources */,
				275260932AAE58D2002BE2E2 /* MothionAnimationView.swift in Sources */,
				2711D0FD2AAA5873004E0C2A /* VideoPlayerView.swift in Sources */,
			);
			runOnlyForDeploymentPostprocessing = 0;
		};
/* End PBXSourcesBuildPhase section */

/* Begin XCBuildConfiguration section */
		279CC6472A9CC50A0040FA43 /* Debug */ = {
			isa = XCBuildConfiguration;
			buildSettings = {
				ALWAYS_SEARCH_USER_PATHS = NO;
				CLANG_ANALYZER_NONNULL = YES;
				CLANG_ANALYZER_NUMBER_OBJECT_CONVERSION = YES_AGGRESSIVE;
				CLANG_CXX_LANGUAGE_STANDARD = "gnu++20";
				CLANG_ENABLE_MODULES = YES;
				CLANG_ENABLE_OBJC_ARC = YES;
				CLANG_ENABLE_OBJC_WEAK = YES;
				CLANG_WARN_BLOCK_CAPTURE_AUTORELEASING = YES;
				CLANG_WARN_BOOL_CONVERSION = YES;
				CLANG_WARN_COMMA = YES;
				CLANG_WARN_CONSTANT_CONVERSION = YES;
				CLANG_WARN_DEPRECATED_OBJC_IMPLEMENTATIONS = YES;
				CLANG_WARN_DIRECT_OBJC_ISA_USAGE = YES_ERROR;
				CLANG_WARN_DOCUMENTATION_COMMENTS = YES;
				CLANG_WARN_EMPTY_BODY = YES;
				CLANG_WARN_ENUM_CONVERSION = YES;
				CLANG_WARN_INFINITE_RECURSION = YES;
				CLANG_WARN_INT_CONVERSION = YES;
				CLANG_WARN_NON_LITERAL_NULL_CONVERSION = YES;
				CLANG_WARN_OBJC_IMPLICIT_RETAIN_SELF = YES;
				CLANG_WARN_OBJC_LITERAL_CONVERSION = YES;
				CLANG_WARN_OBJC_ROOT_CLASS = YES_ERROR;
				CLANG_WARN_QUOTED_INCLUDE_IN_FRAMEWORK_HEADER = YES;
				CLANG_WARN_RANGE_LOOP_ANALYSIS = YES;
				CLANG_WARN_STRICT_PROTOTYPES = YES;
				CLANG_WARN_SUSPICIOUS_MOVE = YES;
				CLANG_WARN_UNGUARDED_AVAILABILITY = YES_AGGRESSIVE;
				CLANG_WARN_UNREACHABLE_CODE = YES;
				CLANG_WARN__DUPLICATE_METHOD_MATCH = YES;
				COPY_PHASE_STRIP = NO;
				DEBUG_INFORMATION_FORMAT = dwarf;
				ENABLE_STRICT_OBJC_MSGSEND = YES;
				ENABLE_TESTABILITY = YES;
				GCC_C_LANGUAGE_STANDARD = gnu11;
				GCC_DYNAMIC_NO_PIC = NO;
				GCC_NO_COMMON_BLOCKS = YES;
				GCC_OPTIMIZATION_LEVEL = 0;
				GCC_PREPROCESSOR_DEFINITIONS = (
					"DEBUG=1",
					"$(inherited)",
				);
				GCC_WARN_64_TO_32_BIT_CONVERSION = YES;
				GCC_WARN_ABOUT_RETURN_TYPE = YES_ERROR;
				GCC_WARN_UNDECLARED_SELECTOR = YES;
				GCC_WARN_UNINITIALIZED_AUTOS = YES_AGGRESSIVE;
				GCC_WARN_UNUSED_FUNCTION = YES;
				GCC_WARN_UNUSED_VARIABLE = YES;
				IPHONEOS_DEPLOYMENT_TARGET = 16.4;
				MTL_ENABLE_DEBUG_INFO = INCLUDE_SOURCE;
				MTL_FAST_MATH = YES;
				ONLY_ACTIVE_ARCH = YES;
				SDKROOT = iphoneos;
				SWIFT_ACTIVE_COMPILATION_CONDITIONS = DEBUG;
				SWIFT_OPTIMIZATION_LEVEL = "-Onone";
			};
			name = Debug;
		};
		279CC6482A9CC50A0040FA43 /* Release */ = {
			isa = XCBuildConfiguration;
			buildSettings = {
				ALWAYS_SEARCH_USER_PATHS = NO;
				CLANG_ANALYZER_NONNULL = YES;
				CLANG_ANALYZER_NUMBER_OBJECT_CONVERSION = YES_AGGRESSIVE;
				CLANG_CXX_LANGUAGE_STANDARD = "gnu++20";
				CLANG_ENABLE_MODULES = YES;
				CLANG_ENABLE_OBJC_ARC = YES;
				CLANG_ENABLE_OBJC_WEAK = YES;
				CLANG_WARN_BLOCK_CAPTURE_AUTORELEASING = YES;
				CLANG_WARN_BOOL_CONVERSION = YES;
				CLANG_WARN_COMMA = YES;
				CLANG_WARN_CONSTANT_CONVERSION = YES;
				CLANG_WARN_DEPRECATED_OBJC_IMPLEMENTATIONS = YES;
				CLANG_WARN_DIRECT_OBJC_ISA_USAGE = YES_ERROR;
				CLANG_WARN_DOCUMENTATION_COMMENTS = YES;
				CLANG_WARN_EMPTY_BODY = YES;
				CLANG_WARN_ENUM_CONVERSION = YES;
				CLANG_WARN_INFINITE_RECURSION = YES;
				CLANG_WARN_INT_CONVERSION = YES;
				CLANG_WARN_NON_LITERAL_NULL_CONVERSION = YES;
				CLANG_WARN_OBJC_IMPLICIT_RETAIN_SELF = YES;
				CLANG_WARN_OBJC_LITERAL_CONVERSION = YES;
				CLANG_WARN_OBJC_ROOT_CLASS = YES_ERROR;
				CLANG_WARN_QUOTED_INCLUDE_IN_FRAMEWORK_HEADER = YES;
				CLANG_WARN_RANGE_LOOP_ANALYSIS = YES;
				CLANG_WARN_STRICT_PROTOTYPES = YES;
				CLANG_WARN_SUSPICIOUS_MOVE = YES;
				CLANG_WARN_UNGUARDED_AVAILABILITY = YES_AGGRESSIVE;
				CLANG_WARN_UNREACHABLE_CODE = YES;
				CLANG_WARN__DUPLICATE_METHOD_MATCH = YES;
				COPY_PHASE_STRIP = NO;
				DEBUG_INFORMATION_FORMAT = "dwarf-with-dsym";
				ENABLE_NS_ASSERTIONS = NO;
				ENABLE_STRICT_OBJC_MSGSEND = YES;
				GCC_C_LANGUAGE_STANDARD = gnu11;
				GCC_NO_COMMON_BLOCKS = YES;
				GCC_WARN_64_TO_32_BIT_CONVERSION = YES;
				GCC_WARN_ABOUT_RETURN_TYPE = YES_ERROR;
				GCC_WARN_UNDECLARED_SELECTOR = YES;
				GCC_WARN_UNINITIALIZED_AUTOS = YES_AGGRESSIVE;
				GCC_WARN_UNUSED_FUNCTION = YES;
				GCC_WARN_UNUSED_VARIABLE = YES;
				IPHONEOS_DEPLOYMENT_TARGET = 16.4;
				MTL_ENABLE_DEBUG_INFO = NO;
				MTL_FAST_MATH = YES;
				SDKROOT = iphoneos;
				SWIFT_COMPILATION_MODE = wholemodule;
				SWIFT_OPTIMIZATION_LEVEL = "-O";
				VALIDATE_PRODUCT = YES;
			};
			name = Release;
		};
		279CC64A2A9CC50A0040FA43 /* Debug */ = {
			isa = XCBuildConfiguration;
			buildSettings = {
				ASSETCATALOG_COMPILER_APPICON_NAME = AppIcon;
				ASSETCATALOG_COMPILER_GLOBAL_ACCENT_COLOR_NAME = AccentColor;
				CODE_SIGN_STYLE = Automatic;
				CURRENT_PROJECT_VERSION = 1;
				DEVELOPMENT_ASSET_PATHS = "\"Africa/Preview Content\"";
				DEVELOPMENT_TEAM = B6A7UUWXVV;
				ENABLE_PREVIEWS = YES;
				GENERATE_INFOPLIST_FILE = YES;
				INFOPLIST_FILE = Africa/Info.plist;
				INFOPLIST_KEY_UIApplicationSceneManifest_Generation = YES;
				INFOPLIST_KEY_UIApplicationSupportsIndirectInputEvents = YES;
				INFOPLIST_KEY_UISupportedInterfaceOrientations_iPad = "UIInterfaceOrientationPortrait UIInterfaceOrientationPortraitUpsideDown UIInterfaceOrientationLandscapeLeft UIInterfaceOrientationLandscapeRight";
				INFOPLIST_KEY_UISupportedInterfaceOrientations_iPhone = "UIInterfaceOrientationPortrait UIInterfaceOrientationLandscapeLeft UIInterfaceOrientationLandscapeRight";
				INFOPLIST_KEY_UIUserInterfaceStyle = Dark;
				LD_RUNPATH_SEARCH_PATHS = (
					"$(inherited)",
					"@executable_path/Frameworks",
				);
				MARKETING_VERSION = 1.0;
				PRODUCT_BUNDLE_IDENTIFIER = com.amin.Africa;
				PRODUCT_NAME = "$(TARGET_NAME)";
				SWIFT_EMIT_LOC_STRINGS = YES;
				SWIFT_VERSION = 5.0;
				TARGETED_DEVICE_FAMILY = "1,2";
			};
			name = Debug;
		};
		279CC64B2A9CC50A0040FA43 /* Release */ = {
			isa = XCBuildConfiguration;
			buildSettings = {
				ASSETCATALOG_COMPILER_APPICON_NAME = AppIcon;
				ASSETCATALOG_COMPILER_GLOBAL_ACCENT_COLOR_NAME = AccentColor;
				CODE_SIGN_STYLE = Automatic;
				CURRENT_PROJECT_VERSION = 1;
				DEVELOPMENT_ASSET_PATHS = "\"Africa/Preview Content\"";
				DEVELOPMENT_TEAM = B6A7UUWXVV;
				ENABLE_PREVIEWS = YES;
				GENERATE_INFOPLIST_FILE = YES;
				INFOPLIST_FILE = Africa/Info.plist;
				INFOPLIST_KEY_UIApplicationSceneManifest_Generation = YES;
				INFOPLIST_KEY_UIApplicationSupportsIndirectInputEvents = YES;
				INFOPLIST_KEY_UISupportedInterfaceOrientations_iPad = "UIInterfaceOrientationPortrait UIInterfaceOrientationPortraitUpsideDown UIInterfaceOrientationLandscapeLeft UIInterfaceOrientationLandscapeRight";
				INFOPLIST_KEY_UISupportedInterfaceOrientations_iPhone = "UIInterfaceOrientationPortrait UIInterfaceOrientationLandscapeLeft UIInterfaceOrientationLandscapeRight";
				INFOPLIST_KEY_UIUserInterfaceStyle = Dark;
				LD_RUNPATH_SEARCH_PATHS = (
					"$(inherited)",
					"@executable_path/Frameworks",
				);
				MARKETING_VERSION = 1.0;
				PRODUCT_BUNDLE_IDENTIFIER = com.amin.Africa;
				PRODUCT_NAME = "$(TARGET_NAME)";
				SWIFT_EMIT_LOC_STRINGS = YES;
				SWIFT_VERSION = 5.0;
				TARGETED_DEVICE_FAMILY = "1,2";
			};
			name = Release;
		};
/* End XCBuildConfiguration section */

/* Begin XCConfigurationList section */
		279CC6362A9CC5090040FA43 /* Build configuration list for PBXProject "Africa" */ = {
			isa = XCConfigurationList;
			buildConfigurations = (
				279CC6472A9CC50A0040FA43 /* Debug */,
				279CC6482A9CC50A0040FA43 /* Release */,
			);
			defaultConfigurationIsVisible = 0;
			defaultConfigurationName = Release;
		};
		279CC6492A9CC50A0040FA43 /* Build configuration list for PBXNativeTarget "Africa" */ = {
			isa = XCConfigurationList;
			buildConfigurations = (
				279CC64A2A9CC50A0040FA43 /* Debug */,
				279CC64B2A9CC50A0040FA43 /* Release */,
			);
			defaultConfigurationIsVisible = 0;
			defaultConfigurationName = Release;
		};
/* End XCConfigurationList section */
	};
	rootObject = 279CC6332A9CC5090040FA43 /* Project object */;
}
